
Microsoft Visual Studio Solution File, Format Version 12.00
# Visual Studio Version 17
VisualStudioVersion = 17.11.35327.3
MinimumVisualStudioVersion = 10.0.40219.1
Project("{FAE04EC0-301F-11D3-BF4B-00C04F79EFBC}") = "WebApplication1", "WebApplication1\WebApplication1.csproj", "{92E87032-E457-4E1F-BED4-6B32C40AD84C}"
EndProject
Global
	GlobalSection(SolutionConfigurationPlatforms) = preSolution
		Debug|Any CPU = Debug|Any CPU
		Release|Any CPU = Release|Any CPU
	EndGlobalSection
	GlobalSection(ProjectConfigurationPlatforms) = postSolution
		{92E87032-E457-4E1F-BED4-6B32C40AD84C}.Debug|Any CPU.ActiveCfg = Debug|Any CPU
		{92E87032-E457-4E1F-BED4-6B32C40AD84C}.Debug|Any CPU.Build.0 = Debug|Any CPU
		{92E87032-E457-4E1F-BED4-6B32C40AD84C}.Release|Any CPU.ActiveCfg = Release|Any CPU
		{92E87032-E457-4E1F-BED4-6B32C40AD84C}.Release|Any CPU.Build.0 = Release|Any CPU
	EndGlobalSection
	GlobalSection(SolutionProperties) = preSolution
		HideSolutionNode = FALSE
	EndGlobalSection
	GlobalSection(ExtensibilityGlobals) = postSolution
		SolutionGuid = {FF36468B-2CF4-4F4A-A3AD-313B5D8DFE64}
	EndGlobalSection
EndGlobal
